
Microsoft Visual Studio Solution File, Format Version 12.00
# Visual Studio Version 17
VisualStudioVersion = 17.5.33414.496
MinimumVisualStudioVersion = 10.0.40219.1
Project("{FAE04EC0-301F-11D3-BF4B-00C04F79EFBC}") = "WPFPrimerEjemplo", "WPFPrimerEjemplo\WPFPrimerEjemplo.csproj", "{870D501E-9B3B-481E-9AA7-B827B3C56324}"
EndProject
Global
	GlobalSection(SolutionConfigurationPlatforms) = preSolution
		Debug|Any CPU = Debug|Any CPU
		Release|Any CPU = Release|Any CPU
	EndGlobalSection
	GlobalSection(ProjectConfigurationPlatforms) = postSolution
		{870D501E-9B3B-481E-9AA7-B827B3C56324}.Debug|Any CPU.ActiveCfg = Debug|Any CPU
		{870D501E-9B3B-481E-9AA7-B827B3C56324}.Debug|Any CPU.Build.0 = Debug|Any CPU
		{870D501E-9B3B-481E-9AA7-B827B3C56324}.Release|Any CPU.ActiveCfg = Release|Any CPU
		{870D501E-9B3B-481E-9AA7-B827B3C56324}.Release|Any CPU.Build.0 = Release|Any CPU
	EndGlobalSection
	GlobalSection(SolutionProperties) = preSolution
		HideSolutionNode = FALSE
	EndGlobalSection
	GlobalSection(ExtensibilityGlobals) = postSolution
		SolutionGuid = {34E339F0-395B-4967-B1B5-F25589A58D13}
	EndGlobalSection
EndGlobal
